<?xml version="1.0" encoding="utf-8"?>
<Project ToolsVersion="4.0" xmlns="http://schemas.microsoft.com/developer/msbuild/2003">
  <ItemGroup>
    <Filter Include="Source Files">
      <UniqueIdentifier>{4FC737F1-C7A5-4376-A066-2A32D752A2FF}</UniqueIdentifier>
      <Extensions>cpp;c;cc;cxx;def;odl;idl;hpj;bat;asm;asmx</Extensions>
    </Filter>
    <Filter Include="Header Files">
      <UniqueIdentifier>{93995380-89BD-4b04-88EB-625FBE52EBFB}</UniqueIdentifier>
      <Extensions>h;hh;hpp;hxx;hm;inl;inc;xsd</Extensions>
    </Filter>
    <Filter Include="Resource Files">
      <UniqueIdentifier>{67DA6AB6-F800-4c08-8B7A-83BB121AAD01}</UniqueIdentifier>
      <Extensions>rc;ico;cur;bmp;dlg;rc2;rct;bin;rgs;gif;jpg;jpeg;jpe;resx;tiff;tif;png;wav;mfcribbon-ms</Extensions>
    </Filter>
  </ItemGroup>
  <ItemGroup>
    <ClInclude Include="Curso.h">
      <Filter>Header Files</Filter>
    </ClInclude>
    <ClInclude Include="Estudiante.h">
      <Filter>Header Files</Filter>
    </ClInclude>
    <ClInclude Include="Gestor.h">
      <Filter>Header Files</Filter>
    </ClInclude>
    <ClInclude Include="NodeEstXCurso.h">
      <Filter>Header Files</Filter>
    </ClInclude>
    <ClInclude Include="NodeCurso.h">
      <Filter>Header Files</Filter>
    </ClInclude>
    <ClInclude Include="ListaCursos.h">
      <Filter>Header Files</Filter>
    </ClInclude>
    <ClInclude Include="ListaEstudiantes.h">
      <Filter>Header Files</Filter>
    </ClInclude>
    <ClInclude Include="NodeEstudiante.h">
      <Filter>Header Files</Filter>
    </ClInclude>
    <ClInclude Include="ListaEstXCurso.h">
      <Filter>Header Files</Filter>
    </ClInclude>
    <ClInclude Include="NodeCurXEstudiante.h">
      <Filter>Header Files</Filter>
    </ClInclude>
    <ClInclude Include="ListaCurXEstudiante.h">
      <Filter>Header Files</Filter>
    </ClInclude>
  </ItemGroup>
  <ItemGroup>
    <ClCompile Include="Curso.cpp">
      <Filter>Source Files</Filter>
    </ClCompile>
    <ClCompile Include="Main.cpp">
      <Filter>Source Files</Filter>
    </ClCompile>
    <ClCompile Include="Estudiante.cpp">
      <Filter>Source Files</Filter>
    </ClCompile>
    <ClCompile Include="Gestor.cpp">
      <Filter>Source Files</Filter>
    </ClCompile>
    <ClCompile Include="NodeEstXCurso.cpp">
      <Filter>Source Files</Filter>
    </ClCompile>
    <ClCompile Include="NodeCurso.cpp">
      <Filter>Source Files</Filter>
    </ClCompile>
    <ClCompile Include="ListaCursos.cpp">
      <Filter>Source Files</Filter>
    </ClCompile>
    <ClCompile Include="ListaEstudiantes.cpp">
      <Filter>Source Files</Filter>
    </ClCompile>
    <ClCompile Include="NodeEstudiante.cpp">
      <Filter>Source Files</Filter>
    </ClCompile>
    <ClCompile Include="ListaEstXCurso.cpp">
      <Filter>Source Files</Filter>
    </ClCompile>
    <ClCompile Include="NodeCurXEstudiante.cpp">
      <Filter>Source Files</Filter>
    </ClCompile>
    <ClCompile Include="ListaCurXEstudiante.cpp">
      <Filter>Source Files</Filter>
    </ClCompile>
  </ItemGroup>
  <ItemGroup>
    <ResourceCompile Include="Project-1.rc">
      <Filter>Resource Files</Filter>
    </ResourceCompile>
  </ItemGroup>
  <ItemGroup>
    <None Include="ClassDiagram.cd" />
  </ItemGroup>
</Project>